# THIS IS AN AUTOGENERATED FILE. DO NOT EDIT THIS FILE DIRECTLY.
# yarn lockfile v1


vue-cli-plugin-single-spa@~1.1.0:
  version "1.1.0"
  resolved "https://registry.yarnpkg.com/vue-cli-plugin-single-spa/-/vue-cli-plugin-single-spa-1.1.0.tgz#76b3dd189fd149afe4fe05312439262e4ac58af0"
  integrity sha512-kXcA1PzEEU2GfMLqQZoXKwdNK5nYm0ogUxMitWAVBBW7G4j82XN+YXF8DNlg6tdHem9J05FuRc6CJTxGnykDnA==
